%{
  "artificery": {:hex, :artificery, "0.2.6", "f602909757263f7897130cbd006b0e40514a541b148d366ad65b89236b93497a", [:mix], [], "hexpm"},
  "brink": {:hex, :brink, "0.1.2", "fa2325f870cb330412c24ca95737346ce245305e0b7567bab154e89d2c592f0a", [:mix], [{:gen_stage, "~> 0.14", [hex: :gen_stage, repo: "hexpm", optional: false]}, {:redix, "~> 0.9.0", [hex: :redix, repo: "hexpm", optional: false]}], "hexpm"},
  "distillery": {:hex, :distillery, "2.0.12", "6e78fe042df82610ac3fa50bd7d2d8190ad287d120d3cd1682d83a44e8b34dfb", [:mix], [{:artificery, "~> 0.2", [hex: :artificery, repo: "hexpm", optional: false]}], "hexpm"},
  "flow": {:hex, :flow, "0.14.3", "0d92991fe53035894d24aa8dec10dcfccf0ae00c4ed436ace3efa9813a646902", [:mix], [{:gen_stage, "~> 0.14.0", [hex: :gen_stage, repo: "hexpm", optional: false]}], "hexpm"},
  "gen_stage": {:hex, :gen_stage, "0.14.1", "9d46723fda072d4f4bb31a102560013f7960f5d80ea44dcb96fd6304ed61e7a4", [:mix], [], "hexpm"},
  "redix": {:hex, :redix, "0.9.0", "c631c921354587e054bf1e2a6b7d0120d617352fc42b624b9ca79ea484d0326c", [:mix], [], "hexpm"},
}
